{
  "name": "webdev105",
  "version": "1.0.0",
  "lockfileVersion": 2,
  "requires": true,
  "packages": {
    "": {
      "name": "webdev105",
      "version": "1.0.0",
      "license": "ISC",
      "dependencies": {
        "font": "^0.0.4"
      }
    },
    "node_modules/font": {
      "version": "0.0.4",
      "resolved": "https://registry.npmjs.org/font/-/font-0.0.4.tgz",
      "integrity": "sha1-XVzmkedn4cLcwvUXP513BNxZEg4=",
      "dependencies": {
        "reified": "~0.2.4"
      },
      "engines": {
        "node": "0.6"
      }
    },
    "node_modules/reified": {
      "version": "0.2.4",
      "resolved": "https://registry.npmjs.org/reified/-/reified-0.2.4.tgz",
      "integrity": "sha1-voqRe1otw2obFvsiqb6+siWGdoI=",
      "engines": {
        "node": "*"
      }
    }
  },
  "dependencies": {
    "font": {
      "version": "0.0.4",
      "resolved": "https://registry.npmjs.org/font/-/font-0.0.4.tgz",
      "integrity": "sha1-XVzmkedn4cLcwvUXP513BNxZEg4=",
      "requires": {
        "reified": "~0.2.4"
      }
    },
    "reified": {
      "version": "0.2.4",
      "resolved": "https://registry.npmjs.org/reified/-/reified-0.2.4.tgz",
      "integrity": "sha1-voqRe1otw2obFvsiqb6+siWGdoI="
    }
  }
}
